{
  "name": "financial-forge",
  "lockfileVersion": 3,
  "requires": true,
  "packages": {
    "": {
      "devDependencies": {
        "@types/react": "^19.1.14",
        "pnpm": "^10.17.1"
      }
    },
    "node_modules/@types/react": {
      "version": "19.1.14",
      "resolved": "https://registry.npmjs.org/@types/react/-/react-19.1.14.tgz",
      "integrity": "sha512-ukd93VGzaNPMAUPy0gRDSC57UuQbnH9Kussp7HBjM06YFi9uZTFhOvMSO2OKqXm1rSgzOE+pVx1k1PYHGwlc8Q==",
      "dev": true,
      "license": "MIT",
      "dependencies": {
        "csstype": "^3.0.2"
      }
    },
    "node_modules/csstype": {
      "version": "3.1.3",
      "resolved": "https://registry.npmjs.org/csstype/-/csstype-3.1.3.tgz",
      "integrity": "sha512-M1uQkMl8rQK/szD0LNhtqxIPLpimGm8sOBwU7lLnCpSbTyY3yeU1Vc7l4KT5zT4s/yOxHH5O7tIuuLOCnLADRw==",
      "dev": true,
      "license": "MIT"
    },
    "node_modules/pnpm": {
      "version": "10.17.1",
      "resolved": "https://registry.npmjs.org/pnpm/-/pnpm-10.17.1.tgz",
      "integrity": "sha512-F8Vg/KSGeulHOjiZrYSogzSRTzeb5G1FXL+S5c9LOdNJhdRS0lg7rxmWf6dstcF7yeJFUp0LmHRXIapyAOyveg==",
      "dev": true,
      "license": "MIT",
      "bin": {
        "pnpm": "bin/pnpm.cjs",
        "pnpx": "bin/pnpx.cjs"
      },
      "engines": {
        "node": ">=18.12"
      },
      "funding": {
        "url": "https://opencollective.com/pnpm"
      }
    }
  }
}
